<Solution>
  <Configurations>
    <BuildType Name="BE" />
    <BuildType Name="Debug" />
    <BuildType Name="FE" />
    <BuildType Name="Release" />
  </Configurations>
  <Project Path="gtas_vpp_be/gtas_vpp_be.Migrations/gtas_vpp_be.Migrations.csproj">
    <BuildType Solution="BE|*" Project="Debug-BE" />
    <BuildType Solution="FE|*" Project="Debug-FE" />
    <Build Solution="FE|*" Project="false" />
  </Project>
  <Project Path="gtas_vpp_be/gtas_vpp_be.Model/gtas_vpp_be.Model.csproj">
    <BuildType Solution="BE|*" Project="Debug-BE" />
    <BuildType Solution="FE|*" Project="Debug-FE" />
    <Build Solution="FE|*" Project="false" />
  </Project>
  <Project Path="gtas_vpp_be/gtas_vpp_be.Service/gtas_vpp_be.Service.csproj">
    <BuildType Solution="BE|*" Project="Debug-BE" />
    <BuildType Solution="FE|*" Project="Debug-FE" />
    <Build Solution="FE|*" Project="false" />
  </Project>
  <Project Path="gtas_vpp_be/gtas_vpp_be/gtas_vpp_be.csproj">
    <BuildType Solution="BE|*" Project="Debug-BE" />
    <BuildType Solution="FE|*" Project="Debug-FE" />
    <Build Solution="FE|*" Project="false" />
  </Project>
  <Project Path="gtas_vpp_fe/gtas_vpp_fe/gtas_vpp_fe/gtas_vpp_fe.csproj">
    <BuildType Solution="BE|*" Project="Debug-BE" />
    <BuildType Solution="FE|*" Project="Debug-FE" />
    <Build Solution="BE|*" Project="false" />
  </Project>
  <Project Path="gtas_vpp_be/gtas_vpp_shared/gtas_vpp_shared.csproj">
    <BuildType Solution="BE|*" Project="Debug" />
    <BuildType Solution="FE|*" Project="Debug" />
  </Project>
  <Project Path="MyAspire.AppHost/MyAspire.AppHost.csproj">
    <BuildType Solution="BE|*" Project="Debug-BE" />
    <BuildType Solution="FE|*" Project="Debug-FE" />
    <Build Solution="BE|*" Project="false" />
    <Build Solution="FE|*" Project="false" />
  </Project>
  <Project Path="MyAspire.ServiceDefaults/MyAspire.ServiceDefaults.csproj">
    <BuildType Solution="BE|*" Project="Debug-BE" />
    <BuildType Solution="FE|*" Project="Debug-FE" />
    <Build Solution="BE|*" Project="false" />
    <Build Solution="FE|*" Project="false" />
  </Project>
</Solution>
