<Solution>
  <Folder Name="/Backend/">
    <Project Path="src/Backend/Api/gtas_vpp_be.csproj" />
    <Project Path="src/Backend/Application/gtas_vpp_be.Service.csproj" />
    <Project Path="src/Backend/Domain/gtas_vpp_be.Model.csproj" />
    <Project Path="src/Backend/Migrations/gtas_vpp_be.Migrations.csproj" />
  </Folder>
  <Folder Name="/Frontend/">
    <Project Path="src/Frontend/Blazor/gtas_vpp_fe.csproj" />
  </Folder>
  <Folder Name="/Hosting/">
    <Project Path="src/Hosting/AppHost/MyAspire.AppHost.csproj" />
    <Project Path="src/Hosting/ServiceDefaults/MyAspire.ServiceDefaults.csproj" />
  </Folder>
  <Folder Name="/Shared/">
    <Project Path="src/Shared/gtas_vpp_shared.csproj" />
  </Folder>
  <Folder Name="/Tests/">
    <Project Path="tests/Backend.IntegrationTests/gtas_vpp_be.IntegrationTests.csproj" />
    <Project Path="tests/Backend.UnitTests/gtas_vpp_be.Tests.csproj" />
    <Project Path="tests/Frontend.UiTests/gtas_vpp_fe.UITests.csproj" />
    <Project Path="tests/Frontend.UnitTests/gtas_vpp_fe.Tests.csproj" />
    <Project Path="tests/TestSupport/gtas_vpp_test_support.csproj" />
  </Folder>
</Solution>
