
Microsoft Visual Studio Solution File, Format Version 12.00
# Visual Studio Version 17
VisualStudioVersion = 17.5.2.0
MinimumVisualStudioVersion = 10.0.40219.1
Project("{FAE04EC0-301F-11D3-BF4B-00C04F79EFBC}") = "MyAspire.AppHost", "MyAspire.AppHost\MyAspire.AppHost.csproj", "{EAE3F810-2C41-BF1E-B4FE-B0ACD2458BC0}"
EndProject
Project("{FAE04EC0-301F-11D3-BF4B-00C04F79EFBC}") = "MyAspire.ServiceDefaults", "MyAspire.ServiceDefaults\MyAspire.ServiceDefaults.csproj", "{6F2A864D-C115-7523-33A4-ADBA8CD40471}"
EndProject
Project("{2150E333-8FDC-42A3-9474-1A3956D46DE8}") = "gtas_vpp_be", "gtas_vpp_be", "{F7662349-8074-44D4-0D50-561E529AA76F}"
EndProject
Project("{2150E333-8FDC-42A3-9474-1A3956D46DE8}") = "gtas_vpp_fe", "gtas_vpp_fe", "{443DBB3B-921D-ACF9-C069-B00D32CEB81F}"
EndProject
Project("{FAE04EC0-301F-11D3-BF4B-00C04F79EFBC}") = "gtas_vpp_be", "gtas_vpp_be\gtas_vpp_be\gtas_vpp_be.csproj", "{B3F21336-99BA-7BCF-60A2-6E2089BD8B3F}"
EndProject
Project("{FAE04EC0-301F-11D3-BF4B-00C04F79EFBC}") = "gtas_vpp_shared", "gtas_vpp_be\gtas_vpp_shared\gtas_vpp_shared.csproj", "{5FD2B73E-3DBC-F28B-FD49-6C797DBDFBB4}"
EndProject
Project("{FAE04EC0-301F-11D3-BF4B-00C04F79EFBC}") = "gtas_vpp_be.Model", "gtas_vpp_be\gtas_vpp_be.Model\gtas_vpp_be.Model.csproj", "{9298B2DA-7612-87CC-A487-344D5EB9576D}"
EndProject
Project("{FAE04EC0-301F-11D3-BF4B-00C04F79EFBC}") = "gtas_vpp_be.Service", "gtas_vpp_be\gtas_vpp_be.Service\gtas_vpp_be.Service.csproj", "{E74F78B6-0C62-D412-C97B-FEA38A7F5BD6}"
EndProject
Project("{FAE04EC0-301F-11D3-BF4B-00C04F79EFBC}") = "gtas_vpp_be.Migrations", "gtas_vpp_be\gtas_vpp_be.Migrations\gtas_vpp_be.Migrations.csproj", "{E6E077E6-99A3-7615-D0CF-2EF303536529}"
EndProject
Project("{2150E333-8FDC-42A3-9474-1A3956D46DE8}") = "gtas_vpp_fe", "gtas_vpp_fe", "{EA50D78E-97C0-0089-357A-BE5338C2CB1E}"
EndProject
Project("{FAE04EC0-301F-11D3-BF4B-00C04F79EFBC}") = "gtas_vpp_fe", "gtas_vpp_fe\gtas_vpp_fe\gtas_vpp_fe\gtas_vpp_fe.csproj", "{C542179D-D9DC-A703-3230-3F518480CD0A}"
EndProject
Project("{2150E333-8FDC-42A3-9474-1A3956D46DE8}") = "Tests", "Tests", "{0AB3BF05-4346-4AA6-1389-037BE0695223}"
EndProject
Project("{FAE04EC0-301F-11D3-BF4B-00C04F79EFBC}") = "gtas_vpp_be.Tests", "gtas_vpp_be.Tests\gtas_vpp_be.Tests.csproj", "{29D5D85E-40DF-45F0-AC2D-4598AF76869D}"
EndProject
Project("{FAE04EC0-301F-11D3-BF4B-00C04F79EFBC}") = "gtas_vpp_fe.Tests", "gtas_vpp_fe.Tests\gtas_vpp_fe.Tests.csproj", "{62A7DD02-69E9-43E4-94A0-51D4473E6CF4}"
EndProject
Project("{FAE04EC0-301F-11D3-BF4B-00C04F79EFBC}") = "gtas_vpp_fe.UITests", "gtas_vpp_fe.UITests\gtas_vpp_fe.UITests.csproj", "{0D0497E7-90F5-468A-A558-588752F223B6}"
EndProject
Project("{FAE04EC0-301F-11D3-BF4B-00C04F79EFBC}") = "gtas_vpp_test_support", "gtas_vpp_test_support\gtas_vpp_test_support.csproj", "{A1B2C3D4-1111-4A4A-8B8B-000000000001}"
EndProject
Project("{FAE04EC0-301F-11D3-BF4B-00C04F79EFBC}") = "gtas_vpp_be.IntegrationTests", "gtas_vpp_be.IntegrationTests\gtas_vpp_be.IntegrationTests.csproj", "{A1B2C3D4-2222-4A4A-8B8B-000000000002}"
EndProject
Global
	GlobalSection(SolutionConfigurationPlatforms) = preSolution
		Debug|Any CPU = Debug|Any CPU
		Debug|x64 = Debug|x64
		Debug|x86 = Debug|x86
		Release|Any CPU = Release|Any CPU
		Release|x64 = Release|x64
		Release|x86 = Release|x86
	EndGlobalSection
	GlobalSection(ProjectConfigurationPlatforms) = postSolution
		{EAE3F810-2C41-BF1E-B4FE-B0ACD2458BC0}.Debug|Any CPU.ActiveCfg = Debug|Any CPU
		{EAE3F810-2C41-BF1E-B4FE-B0ACD2458BC0}.Debug|Any CPU.Build.0 = Debug|Any CPU
		{EAE3F810-2C41-BF1E-B4FE-B0ACD2458BC0}.Debug|x64.ActiveCfg = Debug|Any CPU
		{EAE3F810-2C41-BF1E-B4FE-B0ACD2458BC0}.Debug|x64.Build.0 = Debug|Any CPU
		{EAE3F810-2C41-BF1E-B4FE-B0ACD2458BC0}.Debug|x86.ActiveCfg = Debug|Any CPU
		{EAE3F810-2C41-BF1E-B4FE-B0ACD2458BC0}.Debug|x86.Build.0 = Debug|Any CPU
		{EAE3F810-2C41-BF1E-B4FE-B0ACD2458BC0}.Release|Any CPU.ActiveCfg = Release|Any CPU
		{EAE3F810-2C41-BF1E-B4FE-B0ACD2458BC0}.Release|Any CPU.Build.0 = Release|Any CPU
		{EAE3F810-2C41-BF1E-B4FE-B0ACD2458BC0}.Release|x64.ActiveCfg = Release|Any CPU
		{EAE3F810-2C41-BF1E-B4FE-B0ACD2458BC0}.Release|x64.Build.0 = Release|Any CPU
		{EAE3F810-2C41-BF1E-B4FE-B0ACD2458BC0}.Release|x86.ActiveCfg = Release|Any CPU
		{EAE3F810-2C41-BF1E-B4FE-B0ACD2458BC0}.Release|x86.Build.0 = Release|Any CPU
		{6F2A864D-C115-7523-33A4-ADBA8CD40471}.Debug|Any CPU.ActiveCfg = Debug|Any CPU
		{6F2A864D-C115-7523-33A4-ADBA8CD40471}.Debug|Any CPU.Build.0 = Debug|Any CPU
		{6F2A864D-C115-7523-33A4-ADBA8CD40471}.Debug|x64.ActiveCfg = Debug|Any CPU
		{6F2A864D-C115-7523-33A4-ADBA8CD40471}.Debug|x64.Build.0 = Debug|Any CPU
		{6F2A864D-C115-7523-33A4-ADBA8CD40471}.Debug|x86.ActiveCfg = Debug|Any CPU
		{6F2A864D-C115-7523-33A4-ADBA8CD40471}.Debug|x86.Build.0 = Debug|Any CPU
		{6F2A864D-C115-7523-33A4-ADBA8CD40471}.Release|Any CPU.ActiveCfg = Release|Any CPU
		{6F2A864D-C115-7523-33A4-ADBA8CD40471}.Release|Any CPU.Build.0 = Release|Any CPU
		{6F2A864D-C115-7523-33A4-ADBA8CD40471}.Release|x64.ActiveCfg = Release|Any CPU
		{6F2A864D-C115-7523-33A4-ADBA8CD40471}.Release|x64.Build.0 = Release|Any CPU
		{6F2A864D-C115-7523-33A4-ADBA8CD40471}.Release|x86.ActiveCfg = Release|Any CPU
		{6F2A864D-C115-7523-33A4-ADBA8CD40471}.Release|x86.Build.0 = Release|Any CPU
		{B3F21336-99BA-7BCF-60A2-6E2089BD8B3F}.Debug|Any CPU.ActiveCfg = Debug|Any CPU
		{B3F21336-99BA-7BCF-60A2-6E2089BD8B3F}.Debug|Any CPU.Build.0 = Debug|Any CPU
		{B3F21336-99BA-7BCF-60A2-6E2089BD8B3F}.Debug|x64.ActiveCfg = Debug|Any CPU
		{B3F21336-99BA-7BCF-60A2-6E2089BD8B3F}.Debug|x64.Build.0 = Debug|Any CPU
		{B3F21336-99BA-7BCF-60A2-6E2089BD8B3F}.Debug|x86.ActiveCfg = Debug|Any CPU
		{B3F21336-99BA-7BCF-60A2-6E2089BD8B3F}.Debug|x86.Build.0 = Debug|Any CPU
		{B3F21336-99BA-7BCF-60A2-6E2089BD8B3F}.Release|Any CPU.ActiveCfg = Release|Any CPU
		{B3F21336-99BA-7BCF-60A2-6E2089BD8B3F}.Release|Any CPU.Build.0 = Release|Any CPU
		{B3F21336-99BA-7BCF-60A2-6E2089BD8B3F}.Release|x64.ActiveCfg = Release|Any CPU
		{B3F21336-99BA-7BCF-60A2-6E2089BD8B3F}.Release|x64.Build.0 = Release|Any CPU
		{B3F21336-99BA-7BCF-60A2-6E2089BD8B3F}.Release|x86.ActiveCfg = Release|Any CPU
		{B3F21336-99BA-7BCF-60A2-6E2089BD8B3F}.Release|x86.Build.0 = Release|Any CPU
		{5FD2B73E-3DBC-F28B-FD49-6C797DBDFBB4}.Debug|Any CPU.ActiveCfg = Debug|Any CPU
		{5FD2B73E-3DBC-F28B-FD49-6C797DBDFBB4}.Debug|Any CPU.Build.0 = Debug|Any CPU
		{5FD2B73E-3DBC-F28B-FD49-6C797DBDFBB4}.Debug|x64.ActiveCfg = Debug|Any CPU
		{5FD2B73E-3DBC-F28B-FD49-6C797DBDFBB4}.Debug|x64.Build.0 = Debug|Any CPU
		{5FD2B73E-3DBC-F28B-FD49-6C797DBDFBB4}.Debug|x86.ActiveCfg = Debug|Any CPU
		{5FD2B73E-3DBC-F28B-FD49-6C797DBDFBB4}.Debug|x86.Build.0 = Debug|Any CPU
		{5FD2B73E-3DBC-F28B-FD49-6C797DBDFBB4}.Release|Any CPU.ActiveCfg = Release|Any CPU
		{5FD2B73E-3DBC-F28B-FD49-6C797DBDFBB4}.Release|Any CPU.Build.0 = Release|Any CPU
		{5FD2B73E-3DBC-F28B-FD49-6C797DBDFBB4}.Release|x64.ActiveCfg = Release|Any CPU
		{5FD2B73E-3DBC-F28B-FD49-6C797DBDFBB4}.Release|x64.Build.0 = Release|Any CPU
		{5FD2B73E-3DBC-F28B-FD49-6C797DBDFBB4}.Release|x86.ActiveCfg = Release|Any CPU
		{5FD2B73E-3DBC-F28B-FD49-6C797DBDFBB4}.Release|x86.Build.0 = Release|Any CPU
		{9298B2DA-7612-87CC-A487-344D5EB9576D}.Debug|Any CPU.ActiveCfg = Debug|Any CPU
		{9298B2DA-7612-87CC-A487-344D5EB9576D}.Debug|Any CPU.Build.0 = Debug|Any CPU
		{9298B2DA-7612-87CC-A487-344D5EB9576D}.Debug|x64.ActiveCfg = Debug|Any CPU
		{9298B2DA-7612-87CC-A487-344D5EB9576D}.Debug|x64.Build.0 = Debug|Any CPU
		{9298B2DA-7612-87CC-A487-344D5EB9576D}.Debug|x86.ActiveCfg = Debug|Any CPU
		{9298B2DA-7612-87CC-A487-344D5EB9576D}.Debug|x86.Build.0 = Debug|Any CPU
		{9298B2DA-7612-87CC-A487-344D5EB9576D}.Release|Any CPU.ActiveCfg = Release|Any CPU
		{9298B2DA-7612-87CC-A487-344D5EB9576D}.Release|Any CPU.Build.0 = Release|Any CPU
		{9298B2DA-7612-87CC-A487-344D5EB9576D}.Release|x64.ActiveCfg = Release|Any CPU
		{9298B2DA-7612-87CC-A487-344D5EB9576D}.Release|x64.Build.0 = Release|Any CPU
		{9298B2DA-7612-87CC-A487-344D5EB9576D}.Release|x86.ActiveCfg = Release|Any CPU
		{9298B2DA-7612-87CC-A487-344D5EB9576D}.Release|x86.Build.0 = Release|Any CPU
		{E74F78B6-0C62-D412-C97B-FEA38A7F5BD6}.Debug|Any CPU.ActiveCfg = Debug|Any CPU
		{E74F78B6-0C62-D412-C97B-FEA38A7F5BD6}.Debug|Any CPU.Build.0 = Debug|Any CPU
		{E74F78B6-0C62-D412-C97B-FEA38A7F5BD6}.Debug|x64.ActiveCfg = Debug|Any CPU
		{E74F78B6-0C62-D412-C97B-FEA38A7F5BD6}.Debug|x64.Build.0 = Debug|Any CPU
		{E74F78B6-0C62-D412-C97B-FEA38A7F5BD6}.Debug|x86.ActiveCfg = Debug|Any CPU
		{E74F78B6-0C62-D412-C97B-FEA38A7F5BD6}.Debug|x86.Build.0 = Debug|Any CPU
		{E74F78B6-0C62-D412-C97B-FEA38A7F5BD6}.Release|Any CPU.ActiveCfg = Release|Any CPU
		{E74F78B6-0C62-D412-C97B-FEA38A7F5BD6}.Release|Any CPU.Build.0 = Release|Any CPU
		{E74F78B6-0C62-D412-C97B-FEA38A7F5BD6}.Release|x64.ActiveCfg = Release|Any CPU
		{E74F78B6-0C62-D412-C97B-FEA38A7F5BD6}.Release|x64.Build.0 = Release|Any CPU
		{E74F78B6-0C62-D412-C97B-FEA38A7F5BD6}.Release|x86.ActiveCfg = Release|Any CPU
		{E74F78B6-0C62-D412-C97B-FEA38A7F5BD6}.Release|x86.Build.0 = Release|Any CPU
		{E6E077E6-99A3-7615-D0CF-2EF303536529}.Debug|Any CPU.ActiveCfg = Debug|Any CPU
		{E6E077E6-99A3-7615-D0CF-2EF303536529}.Debug|Any CPU.Build.0 = Debug|Any CPU
		{E6E077E6-99A3-7615-D0CF-2EF303536529}.Debug|x64.ActiveCfg = Debug|Any CPU
		{E6E077E6-99A3-7615-D0CF-2EF303536529}.Debug|x64.Build.0 = Debug|Any CPU
		{E6E077E6-99A3-7615-D0CF-2EF303536529}.Debug|x86.ActiveCfg = Debug|Any CPU
		{E6E077E6-99A3-7615-D0CF-2EF303536529}.Debug|x86.Build.0 = Debug|Any CPU
		{E6E077E6-99A3-7615-D0CF-2EF303536529}.Release|Any CPU.ActiveCfg = Release|Any CPU
		{E6E077E6-99A3-7615-D0CF-2EF303536529}.Release|Any CPU.Build.0 = Release|Any CPU
		{E6E077E6-99A3-7615-D0CF-2EF303536529}.Release|x64.ActiveCfg = Release|Any CPU
		{E6E077E6-99A3-7615-D0CF-2EF303536529}.Release|x64.Build.0 = Release|Any CPU
		{E6E077E6-99A3-7615-D0CF-2EF303536529}.Release|x86.ActiveCfg = Release|Any CPU
		{E6E077E6-99A3-7615-D0CF-2EF303536529}.Release|x86.Build.0 = Release|Any CPU
		{C542179D-D9DC-A703-3230-3F518480CD0A}.Debug|Any CPU.ActiveCfg = Debug|Any CPU
		{C542179D-D9DC-A703-3230-3F518480CD0A}.Debug|Any CPU.Build.0 = Debug|Any CPU
		{C542179D-D9DC-A703-3230-3F518480CD0A}.Debug|x64.ActiveCfg = Debug|Any CPU
		{C542179D-D9DC-A703-3230-3F518480CD0A}.Debug|x64.Build.0 = Debug|Any CPU
		{C542179D-D9DC-A703-3230-3F518480CD0A}.Debug|x86.ActiveCfg = Debug|Any CPU
		{C542179D-D9DC-A703-3230-3F518480CD0A}.Debug|x86.Build.0 = Debug|Any CPU
		{C542179D-D9DC-A703-3230-3F518480CD0A}.Release|Any CPU.ActiveCfg = Release|Any CPU
		{C542179D-D9DC-A703-3230-3F518480CD0A}.Release|Any CPU.Build.0 = Release|Any CPU
		{C542179D-D9DC-A703-3230-3F518480CD0A}.Release|x64.ActiveCfg = Release|Any CPU
		{C542179D-D9DC-A703-3230-3F518480CD0A}.Release|x64.Build.0 = Release|Any CPU
		{C542179D-D9DC-A703-3230-3F518480CD0A}.Release|x86.ActiveCfg = Release|Any CPU
		{C542179D-D9DC-A703-3230-3F518480CD0A}.Release|x86.Build.0 = Release|Any CPU
		{29D5D85E-40DF-45F0-AC2D-4598AF76869D}.Debug|Any CPU.ActiveCfg = Debug|Any CPU
		{29D5D85E-40DF-45F0-AC2D-4598AF76869D}.Debug|Any CPU.Build.0 = Debug|Any CPU
		{29D5D85E-40DF-45F0-AC2D-4598AF76869D}.Debug|x64.ActiveCfg = Debug|Any CPU
		{29D5D85E-40DF-45F0-AC2D-4598AF76869D}.Debug|x64.Build.0 = Debug|Any CPU
		{29D5D85E-40DF-45F0-AC2D-4598AF76869D}.Debug|x86.ActiveCfg = Debug|Any CPU
		{29D5D85E-40DF-45F0-AC2D-4598AF76869D}.Debug|x86.Build.0 = Debug|Any CPU
		{29D5D85E-40DF-45F0-AC2D-4598AF76869D}.Release|Any CPU.ActiveCfg = Release|Any CPU
		{29D5D85E-40DF-45F0-AC2D-4598AF76869D}.Release|Any CPU.Build.0 = Release|Any CPU
		{29D5D85E-40DF-45F0-AC2D-4598AF76869D}.Release|x64.ActiveCfg = Release|Any CPU
		{29D5D85E-40DF-45F0-AC2D-4598AF76869D}.Release|x64.Build.0 = Release|Any CPU
		{29D5D85E-40DF-45F0-AC2D-4598AF76869D}.Release|x86.ActiveCfg = Release|Any CPU
		{29D5D85E-40DF-45F0-AC2D-4598AF76869D}.Release|x86.Build.0 = Release|Any CPU
		{62A7DD02-69E9-43E4-94A0-51D4473E6CF4}.Debug|Any CPU.ActiveCfg = Debug|Any CPU
		{62A7DD02-69E9-43E4-94A0-51D4473E6CF4}.Debug|Any CPU.Build.0 = Debug|Any CPU
		{62A7DD02-69E9-43E4-94A0-51D4473E6CF4}.Debug|x64.ActiveCfg = Debug|Any CPU
		{62A7DD02-69E9-43E4-94A0-51D4473E6CF4}.Debug|x64.Build.0 = Debug|Any CPU
		{62A7DD02-69E9-43E4-94A0-51D4473E6CF4}.Debug|x86.ActiveCfg = Debug|Any CPU
		{62A7DD02-69E9-43E4-94A0-51D4473E6CF4}.Debug|x86.Build.0 = Debug|Any CPU
		{62A7DD02-69E9-43E4-94A0-51D4473E6CF4}.Release|Any CPU.ActiveCfg = Release|Any CPU
		{62A7DD02-69E9-43E4-94A0-51D4473E6CF4}.Release|Any CPU.Build.0 = Release|Any CPU
		{62A7DD02-69E9-43E4-94A0-51D4473E6CF4}.Release|x64.ActiveCfg = Release|Any CPU
		{62A7DD02-69E9-43E4-94A0-51D4473E6CF4}.Release|x64.Build.0 = Release|Any CPU
		{62A7DD02-69E9-43E4-94A0-51D4473E6CF4}.Release|x86.ActiveCfg = Release|Any CPU
		{62A7DD02-69E9-43E4-94A0-51D4473E6CF4}.Release|x86.Build.0 = Release|Any CPU
		{0D0497E7-90F5-468A-A558-588752F223B6}.Debug|Any CPU.ActiveCfg = Debug|Any CPU
		{0D0497E7-90F5-468A-A558-588752F223B6}.Debug|Any CPU.Build.0 = Debug|Any CPU
		{0D0497E7-90F5-468A-A558-588752F223B6}.Debug|x64.ActiveCfg = Debug|Any CPU
		{0D0497E7-90F5-468A-A558-588752F223B6}.Debug|x64.Build.0 = Debug|Any CPU
		{0D0497E7-90F5-468A-A558-588752F223B6}.Debug|x86.ActiveCfg = Debug|Any CPU
		{0D0497E7-90F5-468A-A558-588752F223B6}.Debug|x86.Build.0 = Debug|Any CPU
		{0D0497E7-90F5-468A-A558-588752F223B6}.Release|Any CPU.ActiveCfg = Release|Any CPU
		{0D0497E7-90F5-468A-A558-588752F223B6}.Release|Any CPU.Build.0 = Release|Any CPU
		{0D0497E7-90F5-468A-A558-588752F223B6}.Release|x64.ActiveCfg = Release|Any CPU
		{0D0497E7-90F5-468A-A558-588752F223B6}.Release|x64.Build.0 = Release|Any CPU
		{0D0497E7-90F5-468A-A558-588752F223B6}.Release|x86.ActiveCfg = Release|Any CPU
		{0D0497E7-90F5-468A-A558-588752F223B6}.Release|x86.Build.0 = Release|Any CPU
		{A1B2C3D4-1111-4A4A-8B8B-000000000001}.Debug|Any CPU.ActiveCfg = Debug|Any CPU
		{A1B2C3D4-1111-4A4A-8B8B-000000000001}.Debug|Any CPU.Build.0 = Debug|Any CPU
		{A1B2C3D4-1111-4A4A-8B8B-000000000001}.Debug|x64.ActiveCfg = Debug|Any CPU
		{A1B2C3D4-1111-4A4A-8B8B-000000000001}.Debug|x64.Build.0 = Debug|Any CPU
		{A1B2C3D4-1111-4A4A-8B8B-000000000001}.Debug|x86.ActiveCfg = Debug|Any CPU
		{A1B2C3D4-1111-4A4A-8B8B-000000000001}.Debug|x86.Build.0 = Debug|Any CPU
		{A1B2C3D4-1111-4A4A-8B8B-000000000001}.Release|Any CPU.ActiveCfg = Release|Any CPU
		{A1B2C3D4-1111-4A4A-8B8B-000000000001}.Release|Any CPU.Build.0 = Release|Any CPU
		{A1B2C3D4-1111-4A4A-8B8B-000000000001}.Release|x64.ActiveCfg = Release|Any CPU
		{A1B2C3D4-1111-4A4A-8B8B-000000000001}.Release|x64.Build.0 = Release|Any CPU
		{A1B2C3D4-1111-4A4A-8B8B-000000000001}.Release|x86.ActiveCfg = Release|Any CPU
		{A1B2C3D4-1111-4A4A-8B8B-000000000001}.Release|x86.Build.0 = Release|Any CPU
		{A1B2C3D4-2222-4A4A-8B8B-000000000002}.Debug|Any CPU.ActiveCfg = Debug|Any CPU
		{A1B2C3D4-2222-4A4A-8B8B-000000000002}.Debug|Any CPU.Build.0 = Debug|Any CPU
		{A1B2C3D4-2222-4A4A-8B8B-000000000002}.Debug|x64.ActiveCfg = Debug|Any CPU
		{A1B2C3D4-2222-4A4A-8B8B-000000000002}.Debug|x64.Build.0 = Debug|Any CPU
		{A1B2C3D4-2222-4A4A-8B8B-000000000002}.Debug|x86.ActiveCfg = Debug|Any CPU
		{A1B2C3D4-2222-4A4A-8B8B-000000000002}.Debug|x86.Build.0 = Debug|Any CPU
		{A1B2C3D4-2222-4A4A-8B8B-000000000002}.Release|Any CPU.ActiveCfg = Release|Any CPU
		{A1B2C3D4-2222-4A4A-8B8B-000000000002}.Release|Any CPU.Build.0 = Release|Any CPU
		{A1B2C3D4-2222-4A4A-8B8B-000000000002}.Release|x64.ActiveCfg = Release|Any CPU
		{A1B2C3D4-2222-4A4A-8B8B-000000000002}.Release|x64.Build.0 = Release|Any CPU
		{A1B2C3D4-2222-4A4A-8B8B-000000000002}.Release|x86.ActiveCfg = Release|Any CPU
		{A1B2C3D4-2222-4A4A-8B8B-000000000002}.Release|x86.Build.0 = Release|Any CPU
	EndGlobalSection
	GlobalSection(SolutionProperties) = preSolution
		HideSolutionNode = FALSE
	EndGlobalSection
	GlobalSection(NestedProjects) = preSolution
		{B3F21336-99BA-7BCF-60A2-6E2089BD8B3F} = {F7662349-8074-44D4-0D50-561E529AA76F}
		{5FD2B73E-3DBC-F28B-FD49-6C797DBDFBB4} = {F7662349-8074-44D4-0D50-561E529AA76F}
		{9298B2DA-7612-87CC-A487-344D5EB9576D} = {F7662349-8074-44D4-0D50-561E529AA76F}
		{E74F78B6-0C62-D412-C97B-FEA38A7F5BD6} = {F7662349-8074-44D4-0D50-561E529AA76F}
		{E6E077E6-99A3-7615-D0CF-2EF303536529} = {F7662349-8074-44D4-0D50-561E529AA76F}
		{EA50D78E-97C0-0089-357A-BE5338C2CB1E} = {443DBB3B-921D-ACF9-C069-B00D32CEB81F}
		{C542179D-D9DC-A703-3230-3F518480CD0A} = {EA50D78E-97C0-0089-357A-BE5338C2CB1E}
		{29D5D85E-40DF-45F0-AC2D-4598AF76869D} = {0AB3BF05-4346-4AA6-1389-037BE0695223}
		{62A7DD02-69E9-43E4-94A0-51D4473E6CF4} = {0AB3BF05-4346-4AA6-1389-037BE0695223}
		{0D0497E7-90F5-468A-A558-588752F223B6} = {0AB3BF05-4346-4AA6-1389-037BE0695223}
		{A1B2C3D4-1111-4A4A-8B8B-000000000001} = {0AB3BF05-4346-4AA6-1389-037BE0695223}
		{A1B2C3D4-2222-4A4A-8B8B-000000000002} = {0AB3BF05-4346-4AA6-1389-037BE0695223}
	EndGlobalSection
	GlobalSection(ExtensibilityGlobals) = postSolution
		SolutionGuid = {81590517-4FDB-4028-92F5-F67520AD61FB}
	EndGlobalSection
EndGlobal
