
Microsoft Visual Studio Solution File, Format Version 12.00
# Visual Studio Version 17
VisualStudioVersion = 17.0.31903.59
MinimumVisualStudioVersion = 10.0.40219.1
Project("{2150E333-8FDC-42A3-9474-1A3956D46DE8}") = "Backend", "Backend", "{1AE8ACA6-933B-BF2A-3671-3E2EAC007D16}"
EndProject
Project("{FAE04EC0-301F-11D3-BF4B-00C04F79EFBC}") = "gtas_vpp_be", "src\Backend\Api\gtas_vpp_be.csproj", "{F8324A0E-B9F8-4CDF-877A-A74CFA486A74}"
EndProject
Project("{FAE04EC0-301F-11D3-BF4B-00C04F79EFBC}") = "gtas_vpp_be.Service", "src\Backend\Application\gtas_vpp_be.Service.csproj", "{2938D45C-EAF5-4A57-9194-DB579BBA7488}"
EndProject
Project("{FAE04EC0-301F-11D3-BF4B-00C04F79EFBC}") = "gtas_vpp_be.Model", "src\Backend\Domain\gtas_vpp_be.Model.csproj", "{D8100C62-8170-4550-BCA2-A66C462D43D6}"
EndProject
Project("{FAE04EC0-301F-11D3-BF4B-00C04F79EFBC}") = "gtas_vpp_be.Migrations", "src\Backend\Migrations\gtas_vpp_be.Migrations.csproj", "{AB4D8DAF-F9BF-45F8-BDD6-D6EBA7BD1D37}"
EndProject
Project("{2150E333-8FDC-42A3-9474-1A3956D46DE8}") = "Shared", "Shared", "{4F52FD11-658E-A102-6CD3-7D7C16FFA15B}"
EndProject
Project("{FAE04EC0-301F-11D3-BF4B-00C04F79EFBC}") = "gtas_vpp_shared", "src\Shared\gtas_vpp_shared.csproj", "{22C80286-1D4C-44E8-9769-CC952A73DE96}"
EndProject
Project("{2150E333-8FDC-42A3-9474-1A3956D46DE8}") = "Frontend", "Frontend", "{CE609670-85B9-0D16-FB54-ED063D5D8A6D}"
EndProject
Project("{FAE04EC0-301F-11D3-BF4B-00C04F79EFBC}") = "gtas_vpp_fe", "src\Frontend\Blazor\gtas_vpp_fe.csproj", "{D8AE8D87-35BC-410F-8F06-B22443A44764}"
EndProject
Project("{2150E333-8FDC-42A3-9474-1A3956D46DE8}") = "Hosting", "Hosting", "{916B61B3-312D-841D-1457-818AC0DB32BA}"
EndProject
Project("{FAE04EC0-301F-11D3-BF4B-00C04F79EFBC}") = "MyAspire.AppHost", "src\Hosting\AppHost\MyAspire.AppHost.csproj", "{CE6CECA2-4006-4933-8A3C-12674B7C13FD}"
EndProject
Project("{FAE04EC0-301F-11D3-BF4B-00C04F79EFBC}") = "MyAspire.ServiceDefaults", "src\Hosting\ServiceDefaults\MyAspire.ServiceDefaults.csproj", "{A9920BAF-A6F3-49D6-8C34-CB0309B3B4CC}"
EndProject
Project("{2150E333-8FDC-42A3-9474-1A3956D46DE8}") = "Tests", "Tests", "{0AB3BF05-4346-4AA6-1389-037BE0695223}"
EndProject
Project("{FAE04EC0-301F-11D3-BF4B-00C04F79EFBC}") = "gtas_vpp_be.Tests", "tests\Backend.UnitTests\gtas_vpp_be.Tests.csproj", "{04DD8CE8-051F-4BCF-922B-85D41BCBDAF1}"
EndProject
Project("{FAE04EC0-301F-11D3-BF4B-00C04F79EFBC}") = "gtas_vpp_be.IntegrationTests", "tests\Backend.IntegrationTests\gtas_vpp_be.IntegrationTests.csproj", "{CB7A9E01-0E2B-47C7-AA00-782A7DD0B9A3}"
EndProject
Project("{FAE04EC0-301F-11D3-BF4B-00C04F79EFBC}") = "gtas_vpp_fe.Tests", "tests\Frontend.UnitTests\gtas_vpp_fe.Tests.csproj", "{49CF5EEC-8994-4AFD-B285-BC7906A5205C}"
EndProject
Project("{FAE04EC0-301F-11D3-BF4B-00C04F79EFBC}") = "gtas_vpp_fe.UITests", "tests\Frontend.UiTests\gtas_vpp_fe.UITests.csproj", "{5E7A366F-5A64-4697-9C24-09D85E478E2A}"
EndProject
Project("{FAE04EC0-301F-11D3-BF4B-00C04F79EFBC}") = "gtas_vpp_test_support", "tests\TestSupport\gtas_vpp_test_support.csproj", "{E28F0181-20D5-427E-B5B1-F3AF5BAF0727}"
EndProject
Global
	GlobalSection(SolutionConfigurationPlatforms) = preSolution
		Debug|Any CPU = Debug|Any CPU
		Debug|x64 = Debug|x64
		Debug|x86 = Debug|x86
		Release|Any CPU = Release|Any CPU
		Release|x64 = Release|x64
		Release|x86 = Release|x86
	EndGlobalSection
	GlobalSection(ProjectConfigurationPlatforms) = postSolution
		{F8324A0E-B9F8-4CDF-877A-A74CFA486A74}.Debug|Any CPU.ActiveCfg = Debug|Any CPU
		{F8324A0E-B9F8-4CDF-877A-A74CFA486A74}.Debug|Any CPU.Build.0 = Debug|Any CPU
		{F8324A0E-B9F8-4CDF-877A-A74CFA486A74}.Debug|x64.ActiveCfg = Debug|Any CPU
		{F8324A0E-B9F8-4CDF-877A-A74CFA486A74}.Debug|x64.Build.0 = Debug|Any CPU
		{F8324A0E-B9F8-4CDF-877A-A74CFA486A74}.Debug|x86.ActiveCfg = Debug|Any CPU
		{F8324A0E-B9F8-4CDF-877A-A74CFA486A74}.Debug|x86.Build.0 = Debug|Any CPU
		{F8324A0E-B9F8-4CDF-877A-A74CFA486A74}.Release|Any CPU.ActiveCfg = Release|Any CPU
		{F8324A0E-B9F8-4CDF-877A-A74CFA486A74}.Release|Any CPU.Build.0 = Release|Any CPU
		{F8324A0E-B9F8-4CDF-877A-A74CFA486A74}.Release|x64.ActiveCfg = Release|Any CPU
		{F8324A0E-B9F8-4CDF-877A-A74CFA486A74}.Release|x64.Build.0 = Release|Any CPU
		{F8324A0E-B9F8-4CDF-877A-A74CFA486A74}.Release|x86.ActiveCfg = Release|Any CPU
		{F8324A0E-B9F8-4CDF-877A-A74CFA486A74}.Release|x86.Build.0 = Release|Any CPU
		{2938D45C-EAF5-4A57-9194-DB579BBA7488}.Debug|Any CPU.ActiveCfg = Debug|Any CPU
		{2938D45C-EAF5-4A57-9194-DB579BBA7488}.Debug|Any CPU.Build.0 = Debug|Any CPU
		{2938D45C-EAF5-4A57-9194-DB579BBA7488}.Debug|x64.ActiveCfg = Debug|Any CPU
		{2938D45C-EAF5-4A57-9194-DB579BBA7488}.Debug|x64.Build.0 = Debug|Any CPU
		{2938D45C-EAF5-4A57-9194-DB579BBA7488}.Debug|x86.ActiveCfg = Debug|Any CPU
		{2938D45C-EAF5-4A57-9194-DB579BBA7488}.Debug|x86.Build.0 = Debug|Any CPU
		{2938D45C-EAF5-4A57-9194-DB579BBA7488}.Release|Any CPU.ActiveCfg = Release|Any CPU
		{2938D45C-EAF5-4A57-9194-DB579BBA7488}.Release|Any CPU.Build.0 = Release|Any CPU
		{2938D45C-EAF5-4A57-9194-DB579BBA7488}.Release|x64.ActiveCfg = Release|Any CPU
		{2938D45C-EAF5-4A57-9194-DB579BBA7488}.Release|x64.Build.0 = Release|Any CPU
		{2938D45C-EAF5-4A57-9194-DB579BBA7488}.Release|x86.ActiveCfg = Release|Any CPU
		{2938D45C-EAF5-4A57-9194-DB579BBA7488}.Release|x86.Build.0 = Release|Any CPU
		{D8100C62-8170-4550-BCA2-A66C462D43D6}.Debug|Any CPU.ActiveCfg = Debug|Any CPU
		{D8100C62-8170-4550-BCA2-A66C462D43D6}.Debug|Any CPU.Build.0 = Debug|Any CPU
		{D8100C62-8170-4550-BCA2-A66C462D43D6}.Debug|x64.ActiveCfg = Debug|Any CPU
		{D8100C62-8170-4550-BCA2-A66C462D43D6}.Debug|x64.Build.0 = Debug|Any CPU
		{D8100C62-8170-4550-BCA2-A66C462D43D6}.Debug|x86.ActiveCfg = Debug|Any CPU
		{D8100C62-8170-4550-BCA2-A66C462D43D6}.Debug|x86.Build.0 = Debug|Any CPU
		{D8100C62-8170-4550-BCA2-A66C462D43D6}.Release|Any CPU.ActiveCfg = Release|Any CPU
		{D8100C62-8170-4550-BCA2-A66C462D43D6}.Release|Any CPU.Build.0 = Release|Any CPU
		{D8100C62-8170-4550-BCA2-A66C462D43D6}.Release|x64.ActiveCfg = Release|Any CPU
		{D8100C62-8170-4550-BCA2-A66C462D43D6}.Release|x64.Build.0 = Release|Any CPU
		{D8100C62-8170-4550-BCA2-A66C462D43D6}.Release|x86.ActiveCfg = Release|Any CPU
		{D8100C62-8170-4550-BCA2-A66C462D43D6}.Release|x86.Build.0 = Release|Any CPU
		{AB4D8DAF-F9BF-45F8-BDD6-D6EBA7BD1D37}.Debug|Any CPU.ActiveCfg = Debug|Any CPU
		{AB4D8DAF-F9BF-45F8-BDD6-D6EBA7BD1D37}.Debug|Any CPU.Build.0 = Debug|Any CPU
		{AB4D8DAF-F9BF-45F8-BDD6-D6EBA7BD1D37}.Debug|x64.ActiveCfg = Debug|Any CPU
		{AB4D8DAF-F9BF-45F8-BDD6-D6EBA7BD1D37}.Debug|x64.Build.0 = Debug|Any CPU
		{AB4D8DAF-F9BF-45F8-BDD6-D6EBA7BD1D37}.Debug|x86.ActiveCfg = Debug|Any CPU
		{AB4D8DAF-F9BF-45F8-BDD6-D6EBA7BD1D37}.Debug|x86.Build.0 = Debug|Any CPU
		{AB4D8DAF-F9BF-45F8-BDD6-D6EBA7BD1D37}.Release|Any CPU.ActiveCfg = Release|Any CPU
		{AB4D8DAF-F9BF-45F8-BDD6-D6EBA7BD1D37}.Release|Any CPU.Build.0 = Release|Any CPU
		{AB4D8DAF-F9BF-45F8-BDD6-D6EBA7BD1D37}.Release|x64.ActiveCfg = Release|Any CPU
		{AB4D8DAF-F9BF-45F8-BDD6-D6EBA7BD1D37}.Release|x64.Build.0 = Release|Any CPU
		{AB4D8DAF-F9BF-45F8-BDD6-D6EBA7BD1D37}.Release|x86.ActiveCfg = Release|Any CPU
		{AB4D8DAF-F9BF-45F8-BDD6-D6EBA7BD1D37}.Release|x86.Build.0 = Release|Any CPU
		{22C80286-1D4C-44E8-9769-CC952A73DE96}.Debug|Any CPU.ActiveCfg = Debug|Any CPU
		{22C80286-1D4C-44E8-9769-CC952A73DE96}.Debug|Any CPU.Build.0 = Debug|Any CPU
		{22C80286-1D4C-44E8-9769-CC952A73DE96}.Debug|x64.ActiveCfg = Debug|Any CPU
		{22C80286-1D4C-44E8-9769-CC952A73DE96}.Debug|x64.Build.0 = Debug|Any CPU
		{22C80286-1D4C-44E8-9769-CC952A73DE96}.Debug|x86.ActiveCfg = Debug|Any CPU
		{22C80286-1D4C-44E8-9769-CC952A73DE96}.Debug|x86.Build.0 = Debug|Any CPU
		{22C80286-1D4C-44E8-9769-CC952A73DE96}.Release|Any CPU.ActiveCfg = Release|Any CPU
		{22C80286-1D4C-44E8-9769-CC952A73DE96}.Release|Any CPU.Build.0 = Release|Any CPU
		{22C80286-1D4C-44E8-9769-CC952A73DE96}.Release|x64.ActiveCfg = Release|Any CPU
		{22C80286-1D4C-44E8-9769-CC952A73DE96}.Release|x64.Build.0 = Release|Any CPU
		{22C80286-1D4C-44E8-9769-CC952A73DE96}.Release|x86.ActiveCfg = Release|Any CPU
		{22C80286-1D4C-44E8-9769-CC952A73DE96}.Release|x86.Build.0 = Release|Any CPU
		{D8AE8D87-35BC-410F-8F06-B22443A44764}.Debug|Any CPU.ActiveCfg = Debug|Any CPU
		{D8AE8D87-35BC-410F-8F06-B22443A44764}.Debug|Any CPU.Build.0 = Debug|Any CPU
		{D8AE8D87-35BC-410F-8F06-B22443A44764}.Debug|x64.ActiveCfg = Debug|Any CPU
		{D8AE8D87-35BC-410F-8F06-B22443A44764}.Debug|x64.Build.0 = Debug|Any CPU
		{D8AE8D87-35BC-410F-8F06-B22443A44764}.Debug|x86.ActiveCfg = Debug|Any CPU
		{D8AE8D87-35BC-410F-8F06-B22443A44764}.Debug|x86.Build.0 = Debug|Any CPU
		{D8AE8D87-35BC-410F-8F06-B22443A44764}.Release|Any CPU.ActiveCfg = Release|Any CPU
		{D8AE8D87-35BC-410F-8F06-B22443A44764}.Release|Any CPU.Build.0 = Release|Any CPU
		{D8AE8D87-35BC-410F-8F06-B22443A44764}.Release|x64.ActiveCfg = Release|Any CPU
		{D8AE8D87-35BC-410F-8F06-B22443A44764}.Release|x64.Build.0 = Release|Any CPU
		{D8AE8D87-35BC-410F-8F06-B22443A44764}.Release|x86.ActiveCfg = Release|Any CPU
		{D8AE8D87-35BC-410F-8F06-B22443A44764}.Release|x86.Build.0 = Release|Any CPU
		{CE6CECA2-4006-4933-8A3C-12674B7C13FD}.Debug|Any CPU.ActiveCfg = Debug|Any CPU
		{CE6CECA2-4006-4933-8A3C-12674B7C13FD}.Debug|Any CPU.Build.0 = Debug|Any CPU
		{CE6CECA2-4006-4933-8A3C-12674B7C13FD}.Debug|x64.ActiveCfg = Debug|Any CPU
		{CE6CECA2-4006-4933-8A3C-12674B7C13FD}.Debug|x64.Build.0 = Debug|Any CPU
		{CE6CECA2-4006-4933-8A3C-12674B7C13FD}.Debug|x86.ActiveCfg = Debug|Any CPU
		{CE6CECA2-4006-4933-8A3C-12674B7C13FD}.Debug|x86.Build.0 = Debug|Any CPU
		{CE6CECA2-4006-4933-8A3C-12674B7C13FD}.Release|Any CPU.ActiveCfg = Release|Any CPU
		{CE6CECA2-4006-4933-8A3C-12674B7C13FD}.Release|Any CPU.Build.0 = Release|Any CPU
		{CE6CECA2-4006-4933-8A3C-12674B7C13FD}.Release|x64.ActiveCfg = Release|Any CPU
		{CE6CECA2-4006-4933-8A3C-12674B7C13FD}.Release|x64.Build.0 = Release|Any CPU
		{CE6CECA2-4006-4933-8A3C-12674B7C13FD}.Release|x86.ActiveCfg = Release|Any CPU
		{CE6CECA2-4006-4933-8A3C-12674B7C13FD}.Release|x86.Build.0 = Release|Any CPU
		{A9920BAF-A6F3-49D6-8C34-CB0309B3B4CC}.Debug|Any CPU.ActiveCfg = Debug|Any CPU
		{A9920BAF-A6F3-49D6-8C34-CB0309B3B4CC}.Debug|Any CPU.Build.0 = Debug|Any CPU
		{A9920BAF-A6F3-49D6-8C34-CB0309B3B4CC}.Debug|x64.ActiveCfg = Debug|Any CPU
		{A9920BAF-A6F3-49D6-8C34-CB0309B3B4CC}.Debug|x64.Build.0 = Debug|Any CPU
		{A9920BAF-A6F3-49D6-8C34-CB0309B3B4CC}.Debug|x86.ActiveCfg = Debug|Any CPU
		{A9920BAF-A6F3-49D6-8C34-CB0309B3B4CC}.Debug|x86.Build.0 = Debug|Any CPU
		{A9920BAF-A6F3-49D6-8C34-CB0309B3B4CC}.Release|Any CPU.ActiveCfg = Release|Any CPU
		{A9920BAF-A6F3-49D6-8C34-CB0309B3B4CC}.Release|Any CPU.Build.0 = Release|Any CPU
		{A9920BAF-A6F3-49D6-8C34-CB0309B3B4CC}.Release|x64.ActiveCfg = Release|Any CPU
		{A9920BAF-A6F3-49D6-8C34-CB0309B3B4CC}.Release|x64.Build.0 = Release|Any CPU
		{A9920BAF-A6F3-49D6-8C34-CB0309B3B4CC}.Release|x86.ActiveCfg = Release|Any CPU
		{A9920BAF-A6F3-49D6-8C34-CB0309B3B4CC}.Release|x86.Build.0 = Release|Any CPU
		{04DD8CE8-051F-4BCF-922B-85D41BCBDAF1}.Debug|Any CPU.ActiveCfg = Debug|Any CPU
		{04DD8CE8-051F-4BCF-922B-85D41BCBDAF1}.Debug|Any CPU.Build.0 = Debug|Any CPU
		{04DD8CE8-051F-4BCF-922B-85D41BCBDAF1}.Debug|x64.ActiveCfg = Debug|Any CPU
		{04DD8CE8-051F-4BCF-922B-85D41BCBDAF1}.Debug|x64.Build.0 = Debug|Any CPU
		{04DD8CE8-051F-4BCF-922B-85D41BCBDAF1}.Debug|x86.ActiveCfg = Debug|Any CPU
		{04DD8CE8-051F-4BCF-922B-85D41BCBDAF1}.Debug|x86.Build.0 = Debug|Any CPU
		{04DD8CE8-051F-4BCF-922B-85D41BCBDAF1}.Release|Any CPU.ActiveCfg = Release|Any CPU
		{04DD8CE8-051F-4BCF-922B-85D41BCBDAF1}.Release|Any CPU.Build.0 = Release|Any CPU
		{04DD8CE8-051F-4BCF-922B-85D41BCBDAF1}.Release|x64.ActiveCfg = Release|Any CPU
		{04DD8CE8-051F-4BCF-922B-85D41BCBDAF1}.Release|x64.Build.0 = Release|Any CPU
		{04DD8CE8-051F-4BCF-922B-85D41BCBDAF1}.Release|x86.ActiveCfg = Release|Any CPU
		{04DD8CE8-051F-4BCF-922B-85D41BCBDAF1}.Release|x86.Build.0 = Release|Any CPU
		{CB7A9E01-0E2B-47C7-AA00-782A7DD0B9A3}.Debug|Any CPU.ActiveCfg = Debug|Any CPU
		{CB7A9E01-0E2B-47C7-AA00-782A7DD0B9A3}.Debug|Any CPU.Build.0 = Debug|Any CPU
		{CB7A9E01-0E2B-47C7-AA00-782A7DD0B9A3}.Debug|x64.ActiveCfg = Debug|Any CPU
		{CB7A9E01-0E2B-47C7-AA00-782A7DD0B9A3}.Debug|x64.Build.0 = Debug|Any CPU
		{CB7A9E01-0E2B-47C7-AA00-782A7DD0B9A3}.Debug|x86.ActiveCfg = Debug|Any CPU
		{CB7A9E01-0E2B-47C7-AA00-782A7DD0B9A3}.Debug|x86.Build.0 = Debug|Any CPU
		{CB7A9E01-0E2B-47C7-AA00-782A7DD0B9A3}.Release|Any CPU.ActiveCfg = Release|Any CPU
		{CB7A9E01-0E2B-47C7-AA00-782A7DD0B9A3}.Release|Any CPU.Build.0 = Release|Any CPU
		{CB7A9E01-0E2B-47C7-AA00-782A7DD0B9A3}.Release|x64.ActiveCfg = Release|Any CPU
		{CB7A9E01-0E2B-47C7-AA00-782A7DD0B9A3}.Release|x64.Build.0 = Release|Any CPU
		{CB7A9E01-0E2B-47C7-AA00-782A7DD0B9A3}.Release|x86.ActiveCfg = Release|Any CPU
		{CB7A9E01-0E2B-47C7-AA00-782A7DD0B9A3}.Release|x86.Build.0 = Release|Any CPU
		{49CF5EEC-8994-4AFD-B285-BC7906A5205C}.Debug|Any CPU.ActiveCfg = Debug|Any CPU
		{49CF5EEC-8994-4AFD-B285-BC7906A5205C}.Debug|Any CPU.Build.0 = Debug|Any CPU
		{49CF5EEC-8994-4AFD-B285-BC7906A5205C}.Debug|x64.ActiveCfg = Debug|Any CPU
		{49CF5EEC-8994-4AFD-B285-BC7906A5205C}.Debug|x64.Build.0 = Debug|Any CPU
		{49CF5EEC-8994-4AFD-B285-BC7906A5205C}.Debug|x86.ActiveCfg = Debug|Any CPU
		{49CF5EEC-8994-4AFD-B285-BC7906A5205C}.Debug|x86.Build.0 = Debug|Any CPU
		{49CF5EEC-8994-4AFD-B285-BC7906A5205C}.Release|Any CPU.ActiveCfg = Release|Any CPU
		{49CF5EEC-8994-4AFD-B285-BC7906A5205C}.Release|Any CPU.Build.0 = Release|Any CPU
		{49CF5EEC-8994-4AFD-B285-BC7906A5205C}.Release|x64.ActiveCfg = Release|Any CPU
		{49CF5EEC-8994-4AFD-B285-BC7906A5205C}.Release|x64.Build.0 = Release|Any CPU
		{49CF5EEC-8994-4AFD-B285-BC7906A5205C}.Release|x86.ActiveCfg = Release|Any CPU
		{49CF5EEC-8994-4AFD-B285-BC7906A5205C}.Release|x86.Build.0 = Release|Any CPU
		{5E7A366F-5A64-4697-9C24-09D85E478E2A}.Debug|Any CPU.ActiveCfg = Debug|Any CPU
		{5E7A366F-5A64-4697-9C24-09D85E478E2A}.Debug|Any CPU.Build.0 = Debug|Any CPU
		{5E7A366F-5A64-4697-9C24-09D85E478E2A}.Debug|x64.ActiveCfg = Debug|Any CPU
		{5E7A366F-5A64-4697-9C24-09D85E478E2A}.Debug|x64.Build.0 = Debug|Any CPU
		{5E7A366F-5A64-4697-9C24-09D85E478E2A}.Debug|x86.ActiveCfg = Debug|Any CPU
		{5E7A366F-5A64-4697-9C24-09D85E478E2A}.Debug|x86.Build.0 = Debug|Any CPU
		{5E7A366F-5A64-4697-9C24-09D85E478E2A}.Release|Any CPU.ActiveCfg = Release|Any CPU
		{5E7A366F-5A64-4697-9C24-09D85E478E2A}.Release|Any CPU.Build.0 = Release|Any CPU
		{5E7A366F-5A64-4697-9C24-09D85E478E2A}.Release|x64.ActiveCfg = Release|Any CPU
		{5E7A366F-5A64-4697-9C24-09D85E478E2A}.Release|x64.Build.0 = Release|Any CPU
		{5E7A366F-5A64-4697-9C24-09D85E478E2A}.Release|x86.ActiveCfg = Release|Any CPU
		{5E7A366F-5A64-4697-9C24-09D85E478E2A}.Release|x86.Build.0 = Release|Any CPU
		{E28F0181-20D5-427E-B5B1-F3AF5BAF0727}.Debug|Any CPU.ActiveCfg = Debug|Any CPU
		{E28F0181-20D5-427E-B5B1-F3AF5BAF0727}.Debug|Any CPU.Build.0 = Debug|Any CPU
		{E28F0181-20D5-427E-B5B1-F3AF5BAF0727}.Debug|x64.ActiveCfg = Debug|Any CPU
		{E28F0181-20D5-427E-B5B1-F3AF5BAF0727}.Debug|x64.Build.0 = Debug|Any CPU
		{E28F0181-20D5-427E-B5B1-F3AF5BAF0727}.Debug|x86.ActiveCfg = Debug|Any CPU
		{E28F0181-20D5-427E-B5B1-F3AF5BAF0727}.Debug|x86.Build.0 = Debug|Any CPU
		{E28F0181-20D5-427E-B5B1-F3AF5BAF0727}.Release|Any CPU.ActiveCfg = Release|Any CPU
		{E28F0181-20D5-427E-B5B1-F3AF5BAF0727}.Release|Any CPU.Build.0 = Release|Any CPU
		{E28F0181-20D5-427E-B5B1-F3AF5BAF0727}.Release|x64.ActiveCfg = Release|Any CPU
		{E28F0181-20D5-427E-B5B1-F3AF5BAF0727}.Release|x64.Build.0 = Release|Any CPU
		{E28F0181-20D5-427E-B5B1-F3AF5BAF0727}.Release|x86.ActiveCfg = Release|Any CPU
		{E28F0181-20D5-427E-B5B1-F3AF5BAF0727}.Release|x86.Build.0 = Release|Any CPU
	EndGlobalSection
	GlobalSection(SolutionProperties) = preSolution
		HideSolutionNode = FALSE
	EndGlobalSection
	GlobalSection(NestedProjects) = preSolution
		{F8324A0E-B9F8-4CDF-877A-A74CFA486A74} = {1AE8ACA6-933B-BF2A-3671-3E2EAC007D16}
		{2938D45C-EAF5-4A57-9194-DB579BBA7488} = {1AE8ACA6-933B-BF2A-3671-3E2EAC007D16}
		{D8100C62-8170-4550-BCA2-A66C462D43D6} = {1AE8ACA6-933B-BF2A-3671-3E2EAC007D16}
		{AB4D8DAF-F9BF-45F8-BDD6-D6EBA7BD1D37} = {1AE8ACA6-933B-BF2A-3671-3E2EAC007D16}
		{22C80286-1D4C-44E8-9769-CC952A73DE96} = {4F52FD11-658E-A102-6CD3-7D7C16FFA15B}
		{D8AE8D87-35BC-410F-8F06-B22443A44764} = {CE609670-85B9-0D16-FB54-ED063D5D8A6D}
		{CE6CECA2-4006-4933-8A3C-12674B7C13FD} = {916B61B3-312D-841D-1457-818AC0DB32BA}
		{A9920BAF-A6F3-49D6-8C34-CB0309B3B4CC} = {916B61B3-312D-841D-1457-818AC0DB32BA}
		{04DD8CE8-051F-4BCF-922B-85D41BCBDAF1} = {0AB3BF05-4346-4AA6-1389-037BE0695223}
		{CB7A9E01-0E2B-47C7-AA00-782A7DD0B9A3} = {0AB3BF05-4346-4AA6-1389-037BE0695223}
		{49CF5EEC-8994-4AFD-B285-BC7906A5205C} = {0AB3BF05-4346-4AA6-1389-037BE0695223}
		{5E7A366F-5A64-4697-9C24-09D85E478E2A} = {0AB3BF05-4346-4AA6-1389-037BE0695223}
		{E28F0181-20D5-427E-B5B1-F3AF5BAF0727} = {0AB3BF05-4346-4AA6-1389-037BE0695223}
	EndGlobalSection
EndGlobal
